{
  "_readme": ["This file locks the dependencies of your project to a known state", "Read more about it at https://getcomposer.org/doc/01-basic-usage.md#installing-dependencies", "This file is @generated automatically"],
  "content-hash": "fb0cedafdb05de2ac3c6be643a4f84ed",
  "packages": [
    {
      "name": "chillerlan/php-qrcode",
      "version": "5.0.2",
      "source": {
        "type": "git",
        "url": "https://github.com/chillerlan/php-qrcode.git",
        "reference": "da5bdb82c8755f54de112b271b402aaa8df53269"
      },
      "dist": {
        "type": "zip",
        "url": "https://api.github.com/repos/chillerlan/php-qrcode/zipball/da5bdb82c8755f54de112b271b402aaa8df53269",
        "reference": "da5bdb82c8755f54de112b271b402aaa8df53269",
        "shasum": ""
      },
      "require": {
        "chillerlan/php-settings-container": "^2.1.4 || ^3.1",
        "ext-mbstring": "*",
        "php": "^7.4 || ^8.0"
      },
      "require-dev": {
        "chillerlan/php-authenticator": "^4.1 || ^5.1",
        "phan/phan": "^5.4",
        "phpmd/phpmd": "^2.15",
        "phpunit/phpunit": "^9.6",
        "setasign/fpdf": "^1.8.2",
        "squizlabs/php_codesniffer": "^3.8"
      },
      "suggest": {
        "chillerlan/php-authenticator": "Yet another Google authenticator! Also creates URIs for mobile apps.",
        "setasign/fpdf": "Required to use the QR FPDF output.",
        "simple-icons/simple-icons": "SVG icons that you can use to embed as logos in the QR Code"
      },
      "type": "library",
      "autoload": {
        "psr-4": {
          "chillerlan\\QRCode\\": "src/"
        }
      },
      "notification-url": "https://packagist.org/downloads/",
      "license": ["MIT", "Apache-2.0"],
      "authors": [
        {
          "name": "Kazuhiko Arase",
          "homepage": "https://github.com/kazuhikoarase/qrcode-generator"
        },
        {
          "name": "ZXing Authors",
          "homepage": "https://github.com/zxing/zxing"
        },
        {
          "name": "Ashot Khanamiryan",
          "homepage": "https://github.com/khanamiryan/php-qrcode-detector-decoder"
        },
        {
          "name": "Smiley",
          "email": "smiley@chillerlan.net",
          "homepage": "https://github.com/codemasher"
        },
        {
          "name": "Contributors",
          "homepage": "https://github.com/chillerlan/php-qrcode/graphs/contributors"
        }
      ],
      "description": "A QR code generator and reader with a user friendly API. PHP 7.4+",
      "homepage": "https://github.com/chillerlan/php-qrcode",
      "keywords": ["phpqrcode", "qr", "qr code", "qr-reader", "qrcode", "qrcode-generator", "qrcode-reader"],
      "support": {
        "docs": "https://php-qrcode.readthedocs.io",
        "issues": "https://github.com/chillerlan/php-qrcode/issues",
        "source": "https://github.com/chillerlan/php-qrcode"
      },
      "funding": [
        {
          "url": "https://www.paypal.com/donate?hosted_button_id=WLYUNAT9ZTJZ4",
          "type": "custom"
        },
        {
          "url": "https://ko-fi.com/codemasher",
          "type": "ko_fi"
        }
      ],
      "time": "2024-02-27T14:37:26+00:00"
    },
    {
      "name": "chillerlan/php-settings-container",
      "version": "3.2.1",
      "source": {
        "type": "git",
        "url": "https://github.com/chillerlan/php-settings-container.git",
        "reference": "95ed3e9676a1d47cab2e3174d19b43f5dbf52681"
      },
      "dist": {
        "type": "zip",
        "url": "https://api.github.com/repos/chillerlan/php-settings-container/zipball/95ed3e9676a1d47cab2e3174d19b43f5dbf52681",
        "reference": "95ed3e9676a1d47cab2e3174d19b43f5dbf52681",
        "shasum": ""
      },
      "require": {
        "ext-json": "*",
        "php": "^8.1"
      },
      "require-dev": {
        "phpmd/phpmd": "^2.15",
        "phpstan/phpstan": "^1.11",
        "phpstan/phpstan-deprecation-rules": "^1.2",
        "phpunit/phpunit": "^10.5",
        "squizlabs/php_codesniffer": "^3.10"
      },
      "type": "library",
      "autoload": {
        "psr-4": {
          "chillerlan\\Settings\\": "src"
        }
      },
      "notification-url": "https://packagist.org/downloads/",
      "license": ["MIT"],
      "authors": [
        {
          "name": "Smiley",
          "email": "smiley@chillerlan.net",
          "homepage": "https://github.com/codemasher"
        }
      ],
      "description": "A container class for immutable settings objects. Not a DI container.",
      "homepage": "https://github.com/chillerlan/php-settings-container",
      "keywords": ["Settings", "configuration", "container", "helper"],
      "support": {
        "issues": "https://github.com/chillerlan/php-settings-container/issues",
        "source": "https://github.com/chillerlan/php-settings-container"
      },
      "funding": [
        {
          "url": "https://www.paypal.com/donate?hosted_button_id=WLYUNAT9ZTJZ4",
          "type": "custom"
        },
        {
          "url": "https://ko-fi.com/codemasher",
          "type": "ko_fi"
        }
      ],
      "time": "2024-07-16T11:13:48+00:00"
    },
    {
      "name": "matomo/device-detector",
      "version": "6.4.0",
      "source": {
        "type": "git",
        "url": "https://github.com/matomo-org/device-detector.git",
        "reference": "05dca429cfe7b6a59947a0d449dbeb60cddc02f2"
      },
      "dist": {
        "type": "zip",
        "url": "https://api.github.com/repos/matomo-org/device-detector/zipball/05dca429cfe7b6a59947a0d449dbeb60cddc02f2",
        "reference": "05dca429cfe7b6a59947a0d449dbeb60cddc02f2",
        "shasum": ""
      },
      "require": {
        "mustangostang/spyc": "*",
        "php": "^7.2|^8.0"
      },
      "replace": {
        "piwik/device-detector": "self.version"
      },
      "require-dev": {
        "matthiasmullie/scrapbook": "^1.4.7",
        "mayflower/mo4-coding-standard": "^v9.0.0",
        "phpstan/phpstan": "^1.10.44",
        "phpunit/phpunit": "^8.5.8",
        "psr/cache": "^1.0.1",
        "psr/simple-cache": "^1.0.1",
        "symfony/yaml": "^5.1.7"
      },
      "suggest": {
        "doctrine/cache": "Can directly be used for caching purpose",
        "ext-yaml": "Necessary for using the Pecl YAML parser"
      },
      "type": "library",
      "autoload": {
        "psr-4": {
          "DeviceDetector\\": ""
        },
        "exclude-from-classmap": ["Tests/"]
      },
      "notification-url": "https://packagist.org/downloads/",
      "license": ["LGPL-3.0-or-later"],
      "authors": [
        {
          "name": "The Matomo Team",
          "email": "hello@matomo.org",
          "homepage": "https://matomo.org/team/"
        }
      ],
      "description": "The Universal Device Detection library, that parses User Agents and detects devices (desktop, tablet, mobile, tv, cars, console, etc.), clients (browsers, media players, mobile apps, feed readers, libraries, etc), operating systems, devices, brands and models.",
      "homepage": "https://matomo.org",
      "keywords": ["devicedetection", "parser", "useragent"],
      "support": {
        "forum": "https://forum.matomo.org/",
        "issues": "https://github.com/matomo-org/device-detector/issues",
        "source": "https://github.com/matomo-org/matomo",
        "wiki": "https://dev.matomo.org/"
      },
      "time": "2024-09-10T08:27:24+00:00"
    },
    {
      "name": "mobiledetect/mobiledetectlib",
      "version": "4.8.06",
      "source": {
        "type": "git",
        "url": "https://github.com/serbanghita/Mobile-Detect.git",
        "reference": "af088b54cecc13b3264edca7da93a89ba7aa2d9e"
      },
      "dist": {
        "type": "zip",
        "url": "https://api.github.com/repos/serbanghita/Mobile-Detect/zipball/af088b54cecc13b3264edca7da93a89ba7aa2d9e",
        "reference": "af088b54cecc13b3264edca7da93a89ba7aa2d9e",
        "shasum": ""
      },
      "require": {
        "php": ">=8.0",
        "psr/simple-cache": "^2 || ^3"
      },
      "require-dev": {
        "friendsofphp/php-cs-fixer": "^v3.35.1",
        "phpbench/phpbench": "^1.2",
        "phpstan/phpstan": "^1.10",
        "phpunit/phpunit": "^9.6",
        "squizlabs/php_codesniffer": "^3.7"
      },
      "type": "library",
      "autoload": {
        "psr-4": {
          "Detection\\": "src/"
        }
      },
      "notification-url": "https://packagist.org/downloads/",
      "license": ["MIT"],
      "authors": [
        {
          "name": "Serban Ghita",
          "email": "serbanghita@gmail.com",
          "homepage": "http://mobiledetect.net",
          "role": "Developer"
        }
      ],
      "description": "Mobile_Detect is a lightweight PHP class for detecting mobile devices. It uses the User-Agent string combined with specific HTTP headers to detect the mobile environment.",
      "homepage": "https://github.com/serbanghita/Mobile-Detect",
      "keywords": ["detect mobile devices", "mobile", "mobile detect", "mobile detector", "php mobile detect"],
      "support": {
        "issues": "https://github.com/serbanghita/Mobile-Detect/issues",
        "source": "https://github.com/serbanghita/Mobile-Detect/tree/4.8.06"
      },
      "funding": [
        {
          "url": "https://github.com/serbanghita",
          "type": "github"
        }
      ],
      "time": "2024-03-01T22:28:42+00:00"
    },
    {
      "name": "mustangostang/spyc",
      "version": "0.6.3",
      "source": {
        "type": "git",
        "url": "https://github.com/mustangostang/spyc.git",
        "reference": "4627c838b16550b666d15aeae1e5289dd5b77da0"
      },
      "dist": {
        "type": "zip",
        "url": "https://api.github.com/repos/mustangostang/spyc/zipball/4627c838b16550b666d15aeae1e5289dd5b77da0",
        "reference": "4627c838b16550b666d15aeae1e5289dd5b77da0",
        "shasum": ""
      },
      "require": {
        "php": ">=5.3.1"
      },
      "require-dev": {
        "phpunit/phpunit": "4.3.*@dev"
      },
      "type": "library",
      "extra": {
        "branch-alias": {
          "dev-master": "0.5.x-dev"
        }
      },
      "autoload": {
        "files": ["Spyc.php"]
      },
      "notification-url": "https://packagist.org/downloads/",
      "license": ["MIT"],
      "authors": [
        {
          "name": "mustangostang",
          "email": "vlad.andersen@gmail.com"
        }
      ],
      "description": "A simple YAML loader/dumper class for PHP",
      "homepage": "https://github.com/mustangostang/spyc/",
      "keywords": ["spyc", "yaml", "yml"],
      "support": {
        "issues": "https://github.com/mustangostang/spyc/issues",
        "source": "https://github.com/mustangostang/spyc/tree/0.6.3"
      },
      "time": "2019-09-10T13:16:29+00:00"
    },
    {
      "name": "psr/simple-cache",
      "version": "3.0.0",
      "source": {
        "type": "git",
        "url": "https://github.com/php-fig/simple-cache.git",
        "reference": "764e0b3939f5ca87cb904f570ef9be2d78a07865"
      },
      "dist": {
        "type": "zip",
        "url": "https://api.github.com/repos/php-fig/simple-cache/zipball/764e0b3939f5ca87cb904f570ef9be2d78a07865",
        "reference": "764e0b3939f5ca87cb904f570ef9be2d78a07865",
        "shasum": ""
      },
      "require": {
        "php": ">=8.0.0"
      },
      "type": "library",
      "extra": {
        "branch-alias": {
          "dev-master": "3.0.x-dev"
        }
      },
      "autoload": {
        "psr-4": {
          "Psr\\SimpleCache\\": "src/"
        }
      },
      "notification-url": "https://packagist.org/downloads/",
      "license": ["MIT"],
      "authors": [
        {
          "name": "PHP-FIG",
          "homepage": "https://www.php-fig.org/"
        }
      ],
      "description": "Common interfaces for simple caching",
      "keywords": ["cache", "caching", "psr", "psr-16", "simple-cache"],
      "support": {
        "source": "https://github.com/php-fig/simple-cache/tree/3.0.0"
      },
      "time": "2021-10-29T13:26:27+00:00"
    }
  ],
  "packages-dev": [],
  "aliases": [],
  "minimum-stability": "stable",
  "stability-flags": [],
  "prefer-stable": false,
  "prefer-lowest": false,
  "platform": [],
  "platform-dev": [],
  "plugin-api-version": "2.6.0"
}
